{
  "name": "ccp-test",
  "lockfileVersion": 2,
  "requires": true,
  "packages": {
    "": {
      "dependencies": {
        "amazon-connect-streams": "^2.1.1"
      }
    },
    "node_modules/amazon-connect-streams": {
      "version": "2.1.1",
      "resolved": "https://registry.npmjs.org/amazon-connect-streams/-/amazon-connect-streams-2.1.1.tgz",
      "integrity": "sha512-Sppx6nRwkYI53mkvMmt9345wzAUFDSl6b/B6zImRMyFbiB1GByhWcfp1Y52ulb+X26oq8QRerTYXFFQjYrpjww==",
      "engines": {
        "node": ">=12.0.0"
      }
    }
  },
  "dependencies": {
    "amazon-connect-streams": {
      "version": "2.1.1",
      "resolved": "https://registry.npmjs.org/amazon-connect-streams/-/amazon-connect-streams-2.1.1.tgz",
      "integrity": "sha512-Sppx6nRwkYI53mkvMmt9345wzAUFDSl6b/B6zImRMyFbiB1GByhWcfp1Y52ulb+X26oq8QRerTYXFFQjYrpjww=="
    }
  }
}
